
Microsoft Visual Studio Solution File, Format Version 12.00
# Visual Studio Version 17
VisualStudioVersion = 17.1.32228.430
MinimumVisualStudioVersion = 10.0.40219.1
Project("{FAE04EC0-301F-11D3-BF4B-00C04F79EFBC}") = "exoArticles", "exoArticles.csproj", "{F485B0D5-B5E1-46ED-ADBD-B602BB6629EB}"
EndProject
Global
	GlobalSection(SolutionConfigurationPlatforms) = preSolution
		Debug|Any CPU = Debug|Any CPU
		Release|Any CPU = Release|Any CPU
	EndGlobalSection
	GlobalSection(ProjectConfigurationPlatforms) = postSolution
		{F485B0D5-B5E1-46ED-ADBD-B602BB6629EB}.Debug|Any CPU.ActiveCfg = Debug|Any CPU
		{F485B0D5-B5E1-46ED-ADBD-B602BB6629EB}.Debug|Any CPU.Build.0 = Debug|Any CPU
		{F485B0D5-B5E1-46ED-ADBD-B602BB6629EB}.Release|Any CPU.ActiveCfg = Release|Any CPU
		{F485B0D5-B5E1-46ED-ADBD-B602BB6629EB}.Release|Any CPU.Build.0 = Release|Any CPU
	EndGlobalSection
	GlobalSection(SolutionProperties) = preSolution
		HideSolutionNode = FALSE
	EndGlobalSection
	GlobalSection(ExtensibilityGlobals) = postSolution
		SolutionGuid = {18FCC029-CD35-48DD-A090-60D0CF7529A7}
	EndGlobalSection
EndGlobal
